
Microsoft Visual Studio Solution File, Format Version 12.00
# Visual Studio Version 16
VisualStudioVersion = 16.0.30406.217
MinimumVisualStudioVersion = 10.0.40219.1
Project("{F184B08F-C81C-45F6-A57F-5ABD9991F28F}") = "LCDCharGenerator", "LCDCharGenerator\LCDCharGenerator.vbproj", "{360CB434-85D4-4585-A4EF-84B09B652EF5}"
EndProject
Global
	GlobalSection(SolutionConfigurationPlatforms) = preSolution
		Debug|Any CPU = Debug|Any CPU
		Release|Any CPU = Release|Any CPU
	EndGlobalSection
	GlobalSection(ProjectConfigurationPlatforms) = postSolution
		{360CB434-85D4-4585-A4EF-84B09B652EF5}.Debug|Any CPU.ActiveCfg = Debug|Any CPU
		{360CB434-85D4-4585-A4EF-84B09B652EF5}.Debug|Any CPU.Build.0 = Debug|Any CPU
		{360CB434-85D4-4585-A4EF-84B09B652EF5}.Release|Any CPU.ActiveCfg = Release|Any CPU
		{360CB434-85D4-4585-A4EF-84B09B652EF5}.Release|Any CPU.Build.0 = Release|Any CPU
	EndGlobalSection
	GlobalSection(SolutionProperties) = preSolution
		HideSolutionNode = FALSE
	EndGlobalSection
	GlobalSection(ExtensibilityGlobals) = postSolution
		SolutionGuid = {ECD63DAA-A8AE-4FA7-9E52-0C7B20CBFF65}
	EndGlobalSection
EndGlobal
